
Microsoft Visual Studio Solution File, Format Version 12.00
# Visual Studio Version 18
VisualStudioVersion = 18.0.11222.15
MinimumVisualStudioVersion = 10.0.40219.1
Project("{FAE04EC0-301F-11D3-BF4B-00C04F79EFBC}") = "GymManager", "GymManager.csproj", "{82C9C6EC-7403-3D4B-6659-F126854CF4A1}"
EndProject
Project("{2150E333-8FDC-42A3-9474-1A3956D46DE8}") = "Itens de Solução", "Itens de Solução", "{C4C3F778-A8DF-4915-8091-BCED657B0A56}"
	ProjectSection(SolutionItems) = preProject
		.gitigonere = .gitigonere
	EndProjectSection
EndProject
Global
	GlobalSection(SolutionConfigurationPlatforms) = preSolution
		Debug|Any CPU = Debug|Any CPU
		Release|Any CPU = Release|Any CPU
	EndGlobalSection
	GlobalSection(ProjectConfigurationPlatforms) = postSolution
		{82C9C6EC-7403-3D4B-6659-F126854CF4A1}.Debug|Any CPU.ActiveCfg = Debug|Any CPU
		{82C9C6EC-7403-3D4B-6659-F126854CF4A1}.Debug|Any CPU.Build.0 = Debug|Any CPU
		{82C9C6EC-7403-3D4B-6659-F126854CF4A1}.Release|Any CPU.ActiveCfg = Release|Any CPU
		{82C9C6EC-7403-3D4B-6659-F126854CF4A1}.Release|Any CPU.Build.0 = Release|Any CPU
	EndGlobalSection
	GlobalSection(SolutionProperties) = preSolution
		HideSolutionNode = FALSE
	EndGlobalSection
	GlobalSection(ExtensibilityGlobals) = postSolution
		SolutionGuid = {3E998B50-0376-4687-A5F6-AA7E621DA71D}
	EndGlobalSection
EndGlobal
